
Microsoft Visual Studio Solution File, Format Version 12.00
# Visual Studio Version 17
VisualStudioVersion = 17.2.32526.322
MinimumVisualStudioVersion = 10.0.40219.1
Project("{FAE04EC0-301F-11D3-BF4B-00C04F79EFBC}") = "CloudStorageSDK", "CloudStorageSDK.csproj", "{BEB05458-23F2-4CB2-9208-DBD3BAD4EE46}"
EndProject
Global
	GlobalSection(SolutionConfigurationPlatforms) = preSolution
		Debug|Any CPU = Debug|Any CPU
		Release|Any CPU = Release|Any CPU
	EndGlobalSection
	GlobalSection(ProjectConfigurationPlatforms) = postSolution
		{BEB05458-23F2-4CB2-9208-DBD3BAD4EE46}.Debug|Any CPU.ActiveCfg = Debug|Any CPU
		{BEB05458-23F2-4CB2-9208-DBD3BAD4EE46}.Debug|Any CPU.Build.0 = Debug|Any CPU
		{BEB05458-23F2-4CB2-9208-DBD3BAD4EE46}.Release|Any CPU.ActiveCfg = Release|Any CPU
		{BEB05458-23F2-4CB2-9208-DBD3BAD4EE46}.Release|Any CPU.Build.0 = Release|Any CPU
	EndGlobalSection
	GlobalSection(SolutionProperties) = preSolution
		HideSolutionNode = FALSE
	EndGlobalSection
	GlobalSection(ExtensibilityGlobals) = postSolution
		SolutionGuid = {02258CDA-7671-4B3D-81D7-BDE96974F803}
	EndGlobalSection
EndGlobal
